// !$*UTF8*$!
{
	archiveVersion = 1;
	classes = {
	};
	objectVersion = 51;
	objects = {

/* Begin PBXBuildFile section */
		242222A42407EB2D00B86708 /* AppDelegate.swift in Sources */ = {isa = PBXBuildFile; fileRef = 242222A32407EB2D00B86708 /* AppDelegate.swift */; };
		242222A82407EB2D00B86708 /* ViewController.swift in Sources */ = {isa = PBXBuildFile; fileRef = 242222A72407EB2D00B86708 /* ViewController.swift */; };
		242222AB2407EB2D00B86708 /* Main.storyboard in Resources */ = {isa = PBXBuildFile; fileRef = 242222A92407EB2D00B86708 /* Main.storyboard */; };
		242222AD2407EB3200B86708 /* Assets.xcassets in Resources */ = {isa = PBXBuildFile; fileRef = 242222AC2407EB3200B86708 /* Assets.xcassets */; };
		242222B02407EB3200B86708 /* LaunchScreen.storyboard in Resources */ = {isa = PBXBuildFile; fileRef = 242222AE2407EB3200B86708 /* LaunchScreen.storyboard */; };
		247A0308240A61D100BB08D5 /* TestAnimator.swift in Sources */ = {isa = PBXBuildFile; fileRef = 247A0307240A61D100BB08D5 /* TestAnimator.swift */; };
		989C79BACE380D7743D784C4 /* Pods_PopoverDemo.framework in Frameworks */ = {isa = PBXBuildFile; fileRef = 0C9B053D9CE04830FD24D172 /* Pods_PopoverDemo.framework */; };
/* End PBXBuildFile section */

/* Begin PBXFileReference section */
		0C9B053D9CE04830FD24D172 /* Pods_PopoverDemo.framework */ = {isa = PBXFileReference; explicitFileType = wrapper.framework; includeInIndex = 0; path = Pods_PopoverDemo.framework; sourceTree = BUILT_PRODUCTS_DIR; };
		242222A02407EB2D00B86708 /* PopoverDemo.app */ = {isa = PBXFileReference; explicitFileType = wrapper.application; includeInIndex = 0; path = PopoverDemo.app; sourceTree = BUILT_PRODUCTS_DIR; };
		242222A32407EB2D00B86708 /* AppDelegate.swift */ = {isa = PBXFileReference; lastKnownFileType = sourcecode.swift; path = AppDelegate.swift; sourceTree = "<group>"; };
		242222A72407EB2D00B86708 /* ViewController.swift */ = {isa = PBXFileReference; lastKnownFileType = sourcecode.swift; path = ViewController.swift; sourceTree = "<group>"; };
		242222AA2407EB2D00B86708 /* Base */ = {isa = PBXFileReference; lastKnownFileType = file.storyboard; name = Base; path = Base.lproj/Main.storyboard; sourceTree = "<group>"; };
		242222AC2407EB3200B86708 /* Assets.xcassets */ = {isa = PBXFileReference; lastKnownFileType = folder.assetcatalog; path = Assets.xcassets; sourceTree = "<group>"; };
		242222AF2407EB3200B86708 /* Base */ = {isa = PBXFileReference; lastKnownFileType = file.storyboard; name = Base; path = Base.lproj/LaunchScreen.storyboard; sourceTree = "<group>"; };
		242222B12407EB3200B86708 /* Info.plist */ = {isa = PBXFileReference; lastKnownFileType = text.plist.xml; path = Info.plist; sourceTree = "<group>"; };
		247A0307240A61D100BB08D5 /* TestAnimator.swift */ = {isa = PBXFileReference; lastKnownFileType = sourcecode.swift; path = TestAnimator.swift; sourceTree = "<group>"; };
		256F144178E54EA328E46D38 /* Pods-PopoverDemo.release.xcconfig */ = {isa = PBXFileReference; includeInIndex = 1; lastKnownFileType = text.xcconfig; name = "Pods-PopoverDemo.release.xcconfig"; path = "Target Support Files/Pods-PopoverDemo/Pods-PopoverDemo.release.xcconfig"; sourceTree = "<group>"; };
		F2D2F506310844BDFCC07F9F /* Pods-PopoverDemo.debug.xcconfig */ = {isa = PBXFileReference; includeInIndex = 1; lastKnownFileType = text.xcconfig; name = "Pods-PopoverDemo.debug.xcconfig"; path = "Target Support Files/Pods-PopoverDemo/Pods-PopoverDemo.debug.xcconfig"; sourceTree = "<group>"; };
/* End PBXFileReference section */

/* Begin PBXFrameworksBuildPhase section */
		2422229D2407EB2D00B86708 /* Frameworks */ = {
			isa = PBXFrameworksBuildPhase;
			buildActionMask = 2147483647;
			files = (
				989C79BACE380D7743D784C4 /* Pods_PopoverDemo.framework in Frameworks */,
			);
			runOnlyForDeploymentPostprocessing = 0;
		};
/* End PBXFrameworksBuildPhase section */

/* Begin PBXGroup section */
		061D9271FD0672F0D7891A60 /* Frameworks */ = {
			isa = PBXGroup;
			children = (
				0C9B053D9CE04830FD24D172 /* Pods_PopoverDemo.framework */,
			);
			name = Frameworks;
			sourceTree = "<group>";
		};
		242222972407EB2D00B86708 = {
			isa = PBXGroup;
			children = (
				242222A22407EB2D00B86708 /* PopoverDemo */,
				242222A12407EB2D00B86708 /* Products */,
				9BBBAAF482F62261FAD6992F /* Pods */,
				061D9271FD0672F0D7891A60 /* Frameworks */,
			);
			sourceTree = "<group>";
		};
		242222A12407EB2D00B86708 /* Products */ = {
			isa = PBXGroup;
			children = (
				242222A02407EB2D00B86708 /* PopoverDemo.app */,
			);
			name = Products;
			sourceTree = "<group>";
		};
		242222A22407EB2D00B86708 /* PopoverDemo */ = {
			isa = PBXGroup;
			children = (
				242222A32407EB2D00B86708 /* AppDelegate.swift */,
				242222A72407EB2D00B86708 /* ViewController.swift */,
				242222A92407EB2D00B86708 /* Main.storyboard */,
				242222AC2407EB3200B86708 /* Assets.xcassets */,
				242222AE2407EB3200B86708 /* LaunchScreen.storyboard */,
				242222B12407EB3200B86708 /* Info.plist */,
				247A0307240A61D100BB08D5 /* TestAnimator.swift */,
			);
			path = PopoverDemo;
			sourceTree = "<group>";
		};
		9BBBAAF482F62261FAD6992F /* Pods */ = {
			isa = PBXGroup;
			children = (
				F2D2F506310844BDFCC07F9F /* Pods-PopoverDemo.debug.xcconfig */,
				256F144178E54EA328E46D38 /* Pods-PopoverDemo.release.xcconfig */,
			);
			path = Pods;
			sourceTree = "<group>";
		};
/* End PBXGroup section */

/* Begin PBXNativeTarget section */
		2422229F2407EB2D00B86708 /* PopoverDemo */ = {
			isa = PBXNativeTarget;
			buildConfigurationList = 242222B42407EB3200B86708 /* Build configuration list for PBXNativeTarget "PopoverDemo" */;
			buildPhases = (
				6C77E0FDC8C3ACA78CCB1CD8 /* [CP] Check Pods Manifest.lock */,
				2422229C2407EB2D00B86708 /* Sources */,
				2422229D2407EB2D00B86708 /* Frameworks */,
				2422229E2407EB2D00B86708 /* Resources */,
				A28FD8C6F4E834A2BDFD1754 /* [CP] Embed Pods Frameworks */,
			);
			buildRules = (
			);
			dependencies = (
			);
			name = PopoverDemo;
			productName = PopoverDemo;
			productReference = 242222A02407EB2D00B86708 /* PopoverDemo.app */;
			productType = "com.apple.product-type.application";
		};
/* End PBXNativeTarget section */

/* Begin PBXProject section */
		242222982407EB2D00B86708 /* Project object */ = {
			isa = PBXProject;
			attributes = {
				LastSwiftUpdateCheck = 1130;
				LastUpgradeCheck = 1130;
				ORGANIZATIONNAME = "Cloud Link Co. .Ltd";
				TargetAttributes = {
					2422229F2407EB2D00B86708 = {
						CreatedOnToolsVersion = 11.3.1;
					};
				};
			};
			buildConfigurationList = 2422229B2407EB2D00B86708 /* Build configuration list for PBXProject "PopoverDemo" */;
			compatibilityVersion = "Xcode 9.3";
			developmentRegion = en;
			hasScannedForEncodings = 0;
			knownRegions = (
				en,
				Base,
			);
			mainGroup = 242222972407EB2D00B86708;
			productRefGroup = 242222A12407EB2D00B86708 /* Products */;
			projectDirPath = "";
			projectRoot = "";
			targets = (
				2422229F2407EB2D00B86708 /* PopoverDemo */,
			);
		};
/* End PBXProject section */

/* Begin PBXResourcesBuildPhase section */
		2422229E2407EB2D00B86708 /* Resources */ = {
			isa = PBXResourcesBuildPhase;
			buildActionMask = 2147483647;
			files = (
				242222B02407EB3200B86708 /* LaunchScreen.storyboard in Resources */,
				242222AD2407EB3200B86708 /* Assets.xcassets in Resources */,
				242222AB2407EB2D00B86708 /* Main.storyboard in Resources */,
			);
			runOnlyForDeploymentPostprocessing = 0;
		};
/* End PBXResourcesBuildPhase section */

/* Begin PBXShellScriptBuildPhase section */
		6C77E0FDC8C3ACA78CCB1CD8 /* [CP] Check Pods Manifest.lock */ = {
			isa = PBXShellScriptBuildPhase;
			buildActionMask = 2147483647;
			files = (
			);
			inputFileListPaths = (
			);
			inputPaths = (
				"${PODS_PODFILE_DIR_PATH}/Podfile.lock",
				"${PODS_ROOT}/Manifest.lock",
			);
			name = "[CP] Check Pods Manifest.lock";
			outputFileListPaths = (
			);
			outputPaths = (
				"$(DERIVED_FILE_DIR)/Pods-PopoverDemo-checkManifestLockResult.txt",
			);
			runOnlyForDeploymentPostprocessing = 0;
			shellPath = /bin/sh;
			shellScript = "diff \"${PODS_PODFILE_DIR_PATH}/Podfile.lock\" \"${PODS_ROOT}/Manifest.lock\" > /dev/null\nif [ $? != 0 ] ; then\n    # print error to STDERR\n    echo \"error: The sandbox is not in sync with the Podfile.lock. Run 'pod install' or update your CocoaPods installation.\" >&2\n    exit 1\nfi\n# This output is used by Xcode 'outputs' to avoid re-running this script phase.\necho \"SUCCESS\" > \"${SCRIPT_OUTPUT_FILE_0}\"\n";
			showEnvVarsInLog = 0;
		};
		A28FD8C6F4E834A2BDFD1754 /* [CP] Embed Pods Frameworks */ = {
			isa = PBXShellScriptBuildPhase;
			buildActionMask = 2147483647;
			files = (
			);
			inputFileListPaths = (
				"${PODS_ROOT}/Target Support Files/Pods-PopoverDemo/Pods-PopoverDemo-frameworks-${CONFIGURATION}-input-files.xcfilelist",
			);
			name = "[CP] Embed Pods Frameworks";
			outputFileListPaths = (
				"${PODS_ROOT}/Target Support Files/Pods-PopoverDemo/Pods-PopoverDemo-frameworks-${CONFIGURATION}-output-files.xcfilelist",
			);
			runOnlyForDeploymentPostprocessing = 0;
			shellPath = /bin/sh;
			shellScript = "\"${PODS_ROOT}/Target Support Files/Pods-PopoverDemo/Pods-PopoverDemo-frameworks.sh\"\n";
			showEnvVarsInLog = 0;
		};
/* End PBXShellScriptBuildPhase section */

/* Begin PBXSourcesBuildPhase section */
		2422229C2407EB2D00B86708 /* Sources */ = {
			isa = PBXSourcesBuildPhase;
			buildActionMask = 2147483647;
			files = (
				242222A82407EB2D00B86708 /* ViewController.swift in Sources */,
				247A0308240A61D100BB08D5 /* TestAnimator.swift in Sources */,
				242222A42407EB2D00B86708 /* AppDelegate.swift in Sources */,
			);
			runOnlyForDeploymentPostprocessing = 0;
		};
/* End PBXSourcesBuildPhase section */

/* Begin PBXVariantGroup section */
		242222A92407EB2D00B86708 /* Main.storyboard */ = {
			isa = PBXVariantGroup;
			children = (
				242222AA2407EB2D00B86708 /* Base */,
			);
			name = Main.storyboard;
			sourceTree = "<group>";
		};
		242222AE2407EB3200B86708 /* LaunchScreen.storyboard */ = {
			isa = PBXVariantGroup;
			children = (
				242222AF2407EB3200B86708 /* Base */,
			);
			name = LaunchScreen.storyboard;
			sourceTree = "<group>";
		};
/* End PBXVariantGroup section */

/* Begin XCBuildConfiguration section */
		242222B22407EB3200B86708 /* Debug */ = {
			isa = XCBuildConfiguration;
			buildSettings = {
				ALWAYS_SEARCH_USER_PATHS = NO;
				CLANG_ANALYZER_NONNULL = YES;
				CLANG_ANALYZER_NUMBER_OBJECT_CONVERSION = YES_AGGRESSIVE;
				CLANG_CXX_LANGUAGE_STANDARD = "gnu++14";
				CLANG_CXX_LIBRARY = "libc++";
				CLANG_ENABLE_MODULES = YES;
				CLANG_ENABLE_OBJC_ARC = YES;
				CLANG_ENABLE_OBJC_WEAK = YES;
				CLANG_WARN_BLOCK_CAPTURE_AUTORELEASING = YES;
				CLANG_WARN_BOOL_CONVERSION = YES;
				CLANG_WARN_COMMA = YES;
				CLANG_WARN_CONSTANT_CONVERSION = YES;
				CLANG_WARN_DEPRECATED_OBJC_IMPLEMENTATIONS = YES;
				CLANG_WARN_DIRECT_OBJC_ISA_USAGE = YES_ERROR;
				CLANG_WARN_DOCUMENTATION_COMMENTS = YES;
				CLANG_WARN_EMPTY_BODY = YES;
				CLANG_WARN_ENUM_CONVERSION = YES;
				CLANG_WARN_INFINITE_RECURSION = YES;
				CLANG_WARN_INT_CONVERSION = YES;
				CLANG_WARN_NON_LITERAL_NULL_CONVERSION = YES;
				CLANG_WARN_OBJC_IMPLICIT_RETAIN_SELF = YES;
				CLANG_WARN_OBJC_LITERAL_CONVERSION = YES;
				CLANG_WARN_OBJC_ROOT_CLASS = YES_ERROR;
				CLANG_WARN_RANGE_LOOP_ANALYSIS = YES;
				CLANG_WARN_STRICT_PROTOTYPES = YES;
				CLANG_WARN_SUSPICIOUS_MOVE = YES;
				CLANG_WARN_UNGUARDED_AVAILABILITY = YES_AGGRESSIVE;
				CLANG_WARN_UNREACHABLE_CODE = YES;
				CLANG_WARN__DUPLICATE_METHOD_MATCH = YES;
				COPY_PHASE_STRIP = NO;
				DEBUG_INFORMATION_FORMAT = dwarf;
				ENABLE_STRICT_OBJC_MSGSEND = YES;
				ENABLE_TESTABILITY = YES;
				GCC_C_LANGUAGE_STANDARD = gnu11;
				GCC_DYNAMIC_NO_PIC = NO;
				GCC_NO_COMMON_BLOCKS = YES;
				GCC_OPTIMIZATION_LEVEL = 0;
				GCC_PREPROCESSOR_DEFINITIONS = (
					"DEBUG=1",
					"$(inherited)",
				);
				GCC_WARN_64_TO_32_BIT_CONVERSION = YES;
				GCC_WARN_ABOUT_RETURN_TYPE = YES_ERROR;
				GCC_WARN_UNDECLARED_SELECTOR = YES;
				GCC_WARN_UNINITIALIZED_AUTOS = YES_AGGRESSIVE;
				GCC_WARN_UNUSED_FUNCTION = YES;
				GCC_WARN_UNUSED_VARIABLE = YES;
				IPHONEOS_DEPLOYMENT_TARGET = 13.2;
				MTL_ENABLE_DEBUG_INFO = INCLUDE_SOURCE;
				MTL_FAST_MATH = YES;
				ONLY_ACTIVE_ARCH = YES;
				SDKROOT = iphoneos;
				SWIFT_ACTIVE_COMPILATION_CONDITIONS = DEBUG;
				SWIFT_OPTIMIZATION_LEVEL = "-Onone";
			};
			name = Debug;
		};
		242222B32407EB3200B86708 /* Release */ = {
			isa = XCBuildConfiguration;
			buildSettings = {
				ALWAYS_SEARCH_USER_PATHS = NO;
				CLANG_ANALYZER_NONNULL = YES;
				CLANG_ANALYZER_NUMBER_OBJECT_CONVERSION = YES_AGGRESSIVE;
				CLANG_CXX_LANGUAGE_STANDARD = "gnu++14";
				CLANG_CXX_LIBRARY = "libc++";
				CLANG_ENABLE_MODULES = YES;
				CLANG_ENABLE_OBJC_ARC = YES;
				CLANG_ENABLE_OBJC_WEAK = YES;
				CLANG_WARN_BLOCK_CAPTURE_AUTORELEASING = YES;
				CLANG_WARN_BOOL_CONVERSION = YES;
				CLANG_WARN_COMMA = YES;
				CLANG_WARN_CONSTANT_CONVERSION = YES;
				CLANG_WARN_DEPRECATED_OBJC_IMPLEMENTATIONS = YES;
				CLANG_WARN_DIRECT_OBJC_ISA_USAGE = YES_ERROR;
				CLANG_WARN_DOCUMENTATION_COMMENTS = YES;
				CLANG_WARN_EMPTY_BODY = YES;
				CLANG_WARN_ENUM_CONVERSION = YES;
				CLANG_WARN_INFINITE_RECURSION = YES;
				CLANG_WARN_INT_CONVERSION = YES;
				CLANG_WARN_NON_LITERAL_NULL_CONVERSION = YES;
				CLANG_WARN_OBJC_IMPLICIT_RETAIN_SELF = YES;
				CLANG_WARN_OBJC_LITERAL_CONVERSION = YES;
				CLANG_WARN_OBJC_ROOT_CLASS = YES_ERROR;
				CLANG_WARN_RANGE_LOOP_ANALYSIS = YES;
				CLANG_WARN_STRICT_PROTOTYPES = YES;
				CLANG_WARN_SUSPICIOUS_MOVE = YES;
				CLANG_WARN_UNGUARDED_AVAILABILITY = YES_AGGRESSIVE;
				CLANG_WARN_UNREACHABLE_CODE = YES;
				CLANG_WARN__DUPLICATE_METHOD_MATCH = YES;
				COPY_PHASE_STRIP = NO;
				DEBUG_INFORMATION_FORMAT = "dwarf-with-dsym";
				ENABLE_NS_ASSERTIONS = NO;
				ENABLE_STRICT_OBJC_MSGSEND = YES;
				GCC_C_LANGUAGE_STANDARD = gnu11;
				GCC_NO_COMMON_BLOCKS = YES;
				GCC_WARN_64_TO_32_BIT_CONVERSION = YES;
				GCC_WARN_ABOUT_RETURN_TYPE = YES_ERROR;
				GCC_WARN_UNDECLARED_SELECTOR = YES;
				GCC_WARN_UNINITIALIZED_AUTOS = YES_AGGRESSIVE;
				GCC_WARN_UNUSED_FUNCTION = YES;
				GCC_WARN_UNUSED_VARIABLE = YES;
				IPHONEOS_DEPLOYMENT_TARGET = 13.2;
				MTL_ENABLE_DEBUG_INFO = NO;
				MTL_FAST_MATH = YES;
				SDKROOT = iphoneos;
				SWIFT_COMPILATION_MODE = wholemodule;
				SWIFT_OPTIMIZATION_LEVEL = "-O";
				VALIDATE_PRODUCT = YES;
			};
			name = Release;
		};
		242222B52407EB3200B86708 /* Debug */ = {
			isa = XCBuildConfiguration;
			baseConfigurationReference = F2D2F506310844BDFCC07F9F /* Pods-PopoverDemo.debug.xcconfig */;
			buildSettings = {
				ASSETCATALOG_COMPILER_APPICON_NAME = AppIcon;
				CODE_SIGN_STYLE = Automatic;
				DEVELOPMENT_TEAM = M7R3YL3KZ5;
				INFOPLIST_FILE = PopoverDemo/Info.plist;
				IPHONEOS_DEPLOYMENT_TARGET = 9.0;
				LD_RUNPATH_SEARCH_PATHS = (
					"$(inherited)",
					"@executable_path/Frameworks",
				);
				PRODUCT_BUNDLE_IDENTIFIER = com.cloudlink.PopoverDemo;
				PRODUCT_NAME = "$(TARGET_NAME)";
				SWIFT_VERSION = 5.0;
				TARGETED_DEVICE_FAMILY = "1,2";
			};
			name = Debug;
		};
		242222B62407EB3200B86708 /* Release */ = {
			isa = XCBuildConfiguration;
			baseConfigurationReference = 256F144178E54EA328E46D38 /* Pods-PopoverDemo.release.xcconfig */;
			buildSettings = {
				ASSETCATALOG_COMPILER_APPICON_NAME = AppIcon;
				CODE_SIGN_STYLE = Automatic;
				DEVELOPMENT_TEAM = M7R3YL3KZ5;
				INFOPLIST_FILE = PopoverDemo/Info.plist;
				IPHONEOS_DEPLOYMENT_TARGET = 9.0;
				LD_RUNPATH_SEARCH_PATHS = (
					"$(inherited)",
					"@executable_path/Frameworks",
				);
				PRODUCT_BUNDLE_IDENTIFIER = com.cloudlink.PopoverDemo;
				PRODUCT_NAME = "$(TARGET_NAME)";
				SWIFT_VERSION = 5.0;
				TARGETED_DEVICE_FAMILY = "1,2";
			};
			name = Release;
		};
/* End XCBuildConfiguration section */

/* Begin XCConfigurationList section */
		2422229B2407EB2D00B86708 /* Build configuration list for PBXProject "PopoverDemo" */ = {
			isa = XCConfigurationList;
			buildConfigurations = (
				242222B22407EB3200B86708 /* Debug */,
				242222B32407EB3200B86708 /* Release */,
			);
			defaultConfigurationIsVisible = 0;
			defaultConfigurationName = Release;
		};
		242222B42407EB3200B86708 /* Build configuration list for PBXNativeTarget "PopoverDemo" */ = {
			isa = XCConfigurationList;
			buildConfigurations = (
				242222B52407EB3200B86708 /* Debug */,
				242222B62407EB3200B86708 /* Release */,
			);
			defaultConfigurationIsVisible = 0;
			defaultConfigurationName = Release;
		};
/* End XCConfigurationList section */
	};
	rootObject = 242222982407EB2D00B86708 /* Project object */;
}
